{
  "name": "cross-test",
  "version": "1.0.0",
  "lockfileVersion": 3,
  "requires": true,
  "packages": {
    "": {
      "name": "cross-test",
      "version": "1.0.0",
      "license": "ISC",
      "dependencies": {
        "@hellocoop/httpsig": "^2.0.0"
      }
    },
    "node_modules/@hellocoop/httpsig": {
      "version": "2.0.1",
      "resolved": "https://registry.npmjs.org/@hellocoop/httpsig/-/httpsig-2.0.1.tgz",
      "integrity": "sha512-nmAI+A3YQKOfeZ9cnKjtNXVVJ6sUwazwhM0zQV/t8XpbMKJdYoj3IfaTph9LUMlAvBlDN70wJ2jnUYOr0GQW6g==",
      "license": "MIT",
      "engines": {
        "node": ">=18"
      }
    }
  }
}
