{
  "name": "cross-test",
  "version": "1.0.0",
  "lockfileVersion": 3,
  "requires": true,
  "packages": {
    "": {
      "name": "cross-test",
      "version": "1.0.0",
      "license": "ISC",
      "dependencies": {
        "@hellocoop/httpsig": "^1.2.0"
      }
    },
    "node_modules/@hellocoop/httpsig": {
      "version": "1.2.0",
      "resolved": "https://registry.npmjs.org/@hellocoop/httpsig/-/httpsig-1.2.0.tgz",
      "integrity": "sha512-AfBcB9CwhHlHfmlqN2IYzzZ6yDwLBxcIFE6VhECBC23vceT8jYlK9gnbDFBH7aYkjlGkSS9OJt3ZJ23UwyJvBQ==",
      "license": "MIT",
      "engines": {
        "node": ">=18"
      }
    }
  }
}
